// !$*UTF8*$!
{
	archiveVersion = 1;
	classes = {
	};
	objectVersion = 56;
	objects = {

/* Begin PBXBuildFile section */
		111ED3282D006F5A00F8E22A /* AppDelegate.swift in Sources */ = {isa = PBXBuildFile; fileRef = 111ED3272D006F5A00F8E22A /* AppDelegate.swift */; };
		111ED32A2D006F5A00F8E22A /* SceneDelegate.swift in Sources */ = {isa = PBXBuildFile; fileRef = 111ED3292D006F5A00F8E22A /* SceneDelegate.swift */; };
		111ED32C2D006F5A00F8E22A /* ViewController.swift in Sources */ = {isa = PBXBuildFile; fileRef = 111ED32B2D006F5A00F8E22A /* ViewController.swift */; };
		111ED32F2D006F5A00F8E22A /* Base in Resources */ = {isa = PBXBuildFile; fileRef = 111ED32E2D006F5A00F8E22A /* Base */; };
		111ED3312D006F5D00F8E22A /* Assets.xcassets in Resources */ = {isa = PBXBuildFile; fileRef = 111ED3302D006F5D00F8E22A /* Assets.xcassets */; };
		111ED3342D006F5D00F8E22A /* Base in Resources */ = {isa = PBXBuildFile; fileRef = 111ED3332D006F5D00F8E22A /* Base */; };
		111ED33D2D00760800F8E22A /* mainfile1.swift in Sources */ = {isa = PBXBuildFile; fileRef = 111ED33C2D00760800F8E22A /* mainfile1.swift */; };
		111ED33F2D00762900F8E22A /* mainfile2.swift in Sources */ = {isa = PBXBuildFile; fileRef = 111ED33E2D00762900F8E22A /* mainfile2.swift */; };
		111ED3452D0076C000F8E22A /* mainfile3.swift in Sources */ = {isa = PBXBuildFile; fileRef = 111ED3442D0076C000F8E22A /* mainfile3.swift */; };
		111ED3472D0076D100F8E22A /* mainfile4.swift in Sources */ = {isa = PBXBuildFile; fileRef = 111ED3462D0076D100F8E22A /* mainfile4.swift */; };
/* End PBXBuildFile section */

/* Begin PBXFileReference section */
		111ED3242D006F5A00F8E22A /* TestingRebase.app */ = {isa = PBXFileReference; explicitFileType = wrapper.application; includeInIndex = 0; path = TestingRebase.app; sourceTree = BUILT_PRODUCTS_DIR; };
		111ED3272D006F5A00F8E22A /* AppDelegate.swift */ = {isa = PBXFileReference; lastKnownFileType = sourcecode.swift; path = AppDelegate.swift; sourceTree = "<group>"; };
		111ED3292D006F5A00F8E22A /* SceneDelegate.swift */ = {isa = PBXFileReference; lastKnownFileType = sourcecode.swift; path = SceneDelegate.swift; sourceTree = "<group>"; };
		111ED32B2D006F5A00F8E22A /* ViewController.swift */ = {isa = PBXFileReference; lastKnownFileType = sourcecode.swift; path = ViewController.swift; sourceTree = "<group>"; };
		111ED32E2D006F5A00F8E22A /* Base */ = {isa = PBXFileReference; lastKnownFileType = file.storyboard; name = Base; path = Base.lproj/Main.storyboard; sourceTree = "<group>"; };
		111ED3302D006F5D00F8E22A /* Assets.xcassets */ = {isa = PBXFileReference; lastKnownFileType = folder.assetcatalog; path = Assets.xcassets; sourceTree = "<group>"; };
		111ED3332D006F5D00F8E22A /* Base */ = {isa = PBXFileReference; lastKnownFileType = file.storyboard; name = Base; path = Base.lproj/LaunchScreen.storyboard; sourceTree = "<group>"; };
		111ED3352D006F5D00F8E22A /* Info.plist */ = {isa = PBXFileReference; lastKnownFileType = text.plist.xml; path = Info.plist; sourceTree = "<group>"; };
		111ED33C2D00760800F8E22A /* mainfile1.swift */ = {isa = PBXFileReference; lastKnownFileType = sourcecode.swift; path = mainfile1.swift; sourceTree = "<group>"; };
		111ED33E2D00762900F8E22A /* mainfile2.swift */ = {isa = PBXFileReference; lastKnownFileType = sourcecode.swift; path = mainfile2.swift; sourceTree = "<group>"; };
		111ED3442D0076C000F8E22A /* mainfile3.swift */ = {isa = PBXFileReference; lastKnownFileType = sourcecode.swift; path = mainfile3.swift; sourceTree = "<group>"; };
		111ED3462D0076D100F8E22A /* mainfile4.swift */ = {isa = PBXFileReference; lastKnownFileType = sourcecode.swift; path = mainfile4.swift; sourceTree = "<group>"; };
/* End PBXFileReference section */

/* Begin PBXFrameworksBuildPhase section */
		111ED3212D006F5A00F8E22A /* Frameworks */ = {
			isa = PBXFrameworksBuildPhase;
			buildActionMask = 2147483647;
			files = (
			);
			runOnlyForDeploymentPostprocessing = 0;
		};
/* End PBXFrameworksBuildPhase section */

/* Begin PBXGroup section */
		111ED31B2D006F5A00F8E22A = {
			isa = PBXGroup;
			children = (
				111ED3262D006F5A00F8E22A /* TestingRebase */,
				111ED3252D006F5A00F8E22A /* Products */,
			);
			sourceTree = "<group>";
		};
		111ED3252D006F5A00F8E22A /* Products */ = {
			isa = PBXGroup;
			children = (
				111ED3242D006F5A00F8E22A /* TestingRebase.app */,
			);
			name = Products;
			sourceTree = "<group>";
		};
		111ED3262D006F5A00F8E22A /* TestingRebase */ = {
			isa = PBXGroup;
			children = (
				111ED3272D006F5A00F8E22A /* AppDelegate.swift */,
				111ED3292D006F5A00F8E22A /* SceneDelegate.swift */,
				111ED32B2D006F5A00F8E22A /* ViewController.swift */,
				111ED33B2D0075ED00F8E22A /* Testiogroup */,
				111ED32D2D006F5A00F8E22A /* Main.storyboard */,
				111ED3302D006F5D00F8E22A /* Assets.xcassets */,
				111ED3322D006F5D00F8E22A /* LaunchScreen.storyboard */,
				111ED3352D006F5D00F8E22A /* Info.plist */,
			);
			path = TestingRebase;
			sourceTree = "<group>";
		};
		111ED33B2D0075ED00F8E22A /* Testiogroup */ = {
			isa = PBXGroup;
			children = (
				111ED33C2D00760800F8E22A /* mainfile1.swift */,
				111ED33E2D00762900F8E22A /* mainfile2.swift */,
				111ED3442D0076C000F8E22A /* mainfile3.swift */,
				111ED3462D0076D100F8E22A /* mainfile4.swift */,
			);
			path = Testiogroup;
			sourceTree = "<group>";
		};
/* End PBXGroup section */

/* Begin PBXNativeTarget section */
		111ED3232D006F5A00F8E22A /* TestingRebase */ = {
			isa = PBXNativeTarget;
			buildConfigurationList = 111ED3382D006F5D00F8E22A /* Build configuration list for PBXNativeTarget "TestingRebase" */;
			buildPhases = (
				111ED3202D006F5A00F8E22A /* Sources */,
				111ED3212D006F5A00F8E22A /* Frameworks */,
				111ED3222D006F5A00F8E22A /* Resources */,
			);
			buildRules = (
			);
			dependencies = (
			);
			name = TestingRebase;
			productName = TestingRebase;
			productReference = 111ED3242D006F5A00F8E22A /* TestingRebase.app */;
			productType = "com.apple.product-type.application";
		};
/* End PBXNativeTarget section */

/* Begin PBXProject section */
		111ED31C2D006F5A00F8E22A /* Project object */ = {
			isa = PBXProject;
			attributes = {
				BuildIndependentTargetsInParallel = 1;
				LastSwiftUpdateCheck = 1540;
				LastUpgradeCheck = 1540;
				TargetAttributes = {
					111ED3232D006F5A00F8E22A = {
						CreatedOnToolsVersion = 15.4;
					};
				};
			};
			buildConfigurationList = 111ED31F2D006F5A00F8E22A /* Build configuration list for PBXProject "TestingRebase" */;
			compatibilityVersion = "Xcode 14.0";
			developmentRegion = en;
			hasScannedForEncodings = 0;
			knownRegions = (
				en,
				Base,
			);
			mainGroup = 111ED31B2D006F5A00F8E22A;
			productRefGroup = 111ED3252D006F5A00F8E22A /* Products */;
			projectDirPath = "";
			projectRoot = "";
			targets = (
				111ED3232D006F5A00F8E22A /* TestingRebase */,
			);
		};
/* End PBXProject section */

/* Begin PBXResourcesBuildPhase section */
		111ED3222D006F5A00F8E22A /* Resources */ = {
			isa = PBXResourcesBuildPhase;
			buildActionMask = 2147483647;
			files = (
				111ED3312D006F5D00F8E22A /* Assets.xcassets in Resources */,
				111ED3342D006F5D00F8E22A /* Base in Resources */,
				111ED32F2D006F5A00F8E22A /* Base in Resources */,
			);
			runOnlyForDeploymentPostprocessing = 0;
		};
/* End PBXResourcesBuildPhase section */

/* Begin PBXSourcesBuildPhase section */
		111ED3202D006F5A00F8E22A /* Sources */ = {
			isa = PBXSourcesBuildPhase;
			buildActionMask = 2147483647;
			files = (
				111ED3452D0076C000F8E22A /* mainfile3.swift in Sources */,
				111ED33D2D00760800F8E22A /* mainfile1.swift in Sources */,
				111ED3472D0076D100F8E22A /* mainfile4.swift in Sources */,
				111ED32C2D006F5A00F8E22A /* ViewController.swift in Sources */,
				111ED33F2D00762900F8E22A /* mainfile2.swift in Sources */,
				111ED3282D006F5A00F8E22A /* AppDelegate.swift in Sources */,
				111ED32A2D006F5A00F8E22A /* SceneDelegate.swift in Sources */,
			);
			runOnlyForDeploymentPostprocessing = 0;
		};
/* End PBXSourcesBuildPhase section */

/* Begin PBXVariantGroup section */
		111ED32D2D006F5A00F8E22A /* Main.storyboard */ = {
			isa = PBXVariantGroup;
			children = (
				111ED32E2D006F5A00F8E22A /* Base */,
			);
			name = Main.storyboard;
			sourceTree = "<group>";
		};
		111ED3322D006F5D00F8E22A /* LaunchScreen.storyboard */ = {
			isa = PBXVariantGroup;
			children = (
				111ED3332D006F5D00F8E22A /* Base */,
			);
			name = LaunchScreen.storyboard;
			sourceTree = "<group>";
		};
/* End PBXVariantGroup section */

/* Begin XCBuildConfiguration section */
		111ED3362D006F5D00F8E22A /* Debug */ = {
			isa = XCBuildConfiguration;
			buildSettings = {
				ALWAYS_SEARCH_USER_PATHS = NO;
				ASSETCATALOG_COMPILER_GENERATE_SWIFT_ASSET_SYMBOL_EXTENSIONS = YES;
				CLANG_ANALYZER_NONNULL = YES;
				CLANG_ANALYZER_NUMBER_OBJECT_CONVERSION = YES_AGGRESSIVE;
				CLANG_CXX_LANGUAGE_STANDARD = "gnu++20";
				CLANG_ENABLE_MODULES = YES;
				CLANG_ENABLE_OBJC_ARC = YES;
				CLANG_ENABLE_OBJC_WEAK = YES;
				CLANG_WARN_BLOCK_CAPTURE_AUTORELEASING = YES;
				CLANG_WARN_BOOL_CONVERSION = YES;
				CLANG_WARN_COMMA = YES;
				CLANG_WARN_CONSTANT_CONVERSION = YES;
				CLANG_WARN_DEPRECATED_OBJC_IMPLEMENTATIONS = YES;
				CLANG_WARN_DIRECT_OBJC_ISA_USAGE = YES_ERROR;
				CLANG_WARN_DOCUMENTATION_COMMENTS = YES;
				CLANG_WARN_EMPTY_BODY = YES;
				CLANG_WARN_ENUM_CONVERSION = YES;
				CLANG_WARN_INFINITE_RECURSION = YES;
				CLANG_WARN_INT_CONVERSION = YES;
				CLANG_WARN_NON_LITERAL_NULL_CONVERSION = YES;
				CLANG_WARN_OBJC_IMPLICIT_RETAIN_SELF = YES;
				CLANG_WARN_OBJC_LITERAL_CONVERSION = YES;
				CLANG_WARN_OBJC_ROOT_CLASS = YES_ERROR;
				CLANG_WARN_QUOTED_INCLUDE_IN_FRAMEWORK_HEADER = YES;
				CLANG_WARN_RANGE_LOOP_ANALYSIS = YES;
				CLANG_WARN_STRICT_PROTOTYPES = YES;
				CLANG_WARN_SUSPICIOUS_MOVE = YES;
				CLANG_WARN_UNGUARDED_AVAILABILITY = YES_AGGRESSIVE;
				CLANG_WARN_UNREACHABLE_CODE = YES;
				CLANG_WARN__DUPLICATE_METHOD_MATCH = YES;
				COPY_PHASE_STRIP = NO;
				DEBUG_INFORMATION_FORMAT = dwarf;
				ENABLE_STRICT_OBJC_MSGSEND = YES;
				ENABLE_TESTABILITY = YES;
				ENABLE_USER_SCRIPT_SANDBOXING = YES;
				GCC_C_LANGUAGE_STANDARD = gnu17;
				GCC_DYNAMIC_NO_PIC = NO;
				GCC_NO_COMMON_BLOCKS = YES;
				GCC_OPTIMIZATION_LEVEL = 0;
				GCC_PREPROCESSOR_DEFINITIONS = (
					"DEBUG=1",
					"$(inherited)",
				);
				GCC_WARN_64_TO_32_BIT_CONVERSION = YES;
				GCC_WARN_ABOUT_RETURN_TYPE = YES_ERROR;
				GCC_WARN_UNDECLARED_SELECTOR = YES;
				GCC_WARN_UNINITIALIZED_AUTOS = YES_AGGRESSIVE;
				GCC_WARN_UNUSED_FUNCTION = YES;
				GCC_WARN_UNUSED_VARIABLE = YES;
				IPHONEOS_DEPLOYMENT_TARGET = 17.5;
				LOCALIZATION_PREFERS_STRING_CATALOGS = YES;
				MTL_ENABLE_DEBUG_INFO = INCLUDE_SOURCE;
				MTL_FAST_MATH = YES;
				ONLY_ACTIVE_ARCH = YES;
				SDKROOT = iphoneos;
				SWIFT_ACTIVE_COMPILATION_CONDITIONS = "DEBUG $(inherited)";
				SWIFT_OPTIMIZATION_LEVEL = "-Onone";
			};
			name = Debug;
		};
		111ED3372D006F5D00F8E22A /* Release */ = {
			isa = XCBuildConfiguration;
			buildSettings = {
				ALWAYS_SEARCH_USER_PATHS = NO;
				ASSETCATALOG_COMPILER_GENERATE_SWIFT_ASSET_SYMBOL_EXTENSIONS = YES;
				CLANG_ANALYZER_NONNULL = YES;
				CLANG_ANALYZER_NUMBER_OBJECT_CONVERSION = YES_AGGRESSIVE;
				CLANG_CXX_LANGUAGE_STANDARD = "gnu++20";
				CLANG_ENABLE_MODULES = YES;
				CLANG_ENABLE_OBJC_ARC = YES;
				CLANG_ENABLE_OBJC_WEAK = YES;
				CLANG_WARN_BLOCK_CAPTURE_AUTORELEASING = YES;
				CLANG_WARN_BOOL_CONVERSION = YES;
				CLANG_WARN_COMMA = YES;
				CLANG_WARN_CONSTANT_CONVERSION = YES;
				CLANG_WARN_DEPRECATED_OBJC_IMPLEMENTATIONS = YES;
				CLANG_WARN_DIRECT_OBJC_ISA_USAGE = YES_ERROR;
				CLANG_WARN_DOCUMENTATION_COMMENTS = YES;
				CLANG_WARN_EMPTY_BODY = YES;
				CLANG_WARN_ENUM_CONVERSION = YES;
				CLANG_WARN_INFINITE_RECURSION = YES;
				CLANG_WARN_INT_CONVERSION = YES;
				CLANG_WARN_NON_LITERAL_NULL_CONVERSION = YES;
				CLANG_WARN_OBJC_IMPLICIT_RETAIN_SELF = YES;
				CLANG_WARN_OBJC_LITERAL_CONVERSION = YES;
				CLANG_WARN_OBJC_ROOT_CLASS = YES_ERROR;
				CLANG_WARN_QUOTED_INCLUDE_IN_FRAMEWORK_HEADER = YES;
				CLANG_WARN_RANGE_LOOP_ANALYSIS = YES;
				CLANG_WARN_STRICT_PROTOTYPES = YES;
				CLANG_WARN_SUSPICIOUS_MOVE = YES;
				CLANG_WARN_UNGUARDED_AVAILABILITY = YES_AGGRESSIVE;
				CLANG_WARN_UNREACHABLE_CODE = YES;
				CLANG_WARN__DUPLICATE_METHOD_MATCH = YES;
				COPY_PHASE_STRIP = NO;
				DEBUG_INFORMATION_FORMAT = "dwarf-with-dsym";
				ENABLE_NS_ASSERTIONS = NO;
				ENABLE_STRICT_OBJC_MSGSEND = YES;
				ENABLE_USER_SCRIPT_SANDBOXING = YES;
				GCC_C_LANGUAGE_STANDARD = gnu17;
				GCC_NO_COMMON_BLOCKS = YES;
				GCC_WARN_64_TO_32_BIT_CONVERSION = YES;
				GCC_WARN_ABOUT_RETURN_TYPE = YES_ERROR;
				GCC_WARN_UNDECLARED_SELECTOR = YES;
				GCC_WARN_UNINITIALIZED_AUTOS = YES_AGGRESSIVE;
				GCC_WARN_UNUSED_FUNCTION = YES;
				GCC_WARN_UNUSED_VARIABLE = YES;
				IPHONEOS_DEPLOYMENT_TARGET = 17.5;
				LOCALIZATION_PREFERS_STRING_CATALOGS = YES;
				MTL_ENABLE_DEBUG_INFO = NO;
				MTL_FAST_MATH = YES;
				SDKROOT = iphoneos;
				SWIFT_COMPILATION_MODE = wholemodule;
				VALIDATE_PRODUCT = YES;
			};
			name = Release;
		};
		111ED3392D006F5D00F8E22A /* Debug */ = {
			isa = XCBuildConfiguration;
			buildSettings = {
				ASSETCATALOG_COMPILER_APPICON_NAME = AppIcon;
				ASSETCATALOG_COMPILER_GLOBAL_ACCENT_COLOR_NAME = AccentColor;
				CODE_SIGN_STYLE = Automatic;
				CURRENT_PROJECT_VERSION = 1;
				DEVELOPMENT_TEAM = U4DD4VV25K;
				GENERATE_INFOPLIST_FILE = YES;
				INFOPLIST_FILE = TestingRebase/Info.plist;
				INFOPLIST_KEY_UIApplicationSupportsIndirectInputEvents = YES;
				INFOPLIST_KEY_UILaunchStoryboardName = LaunchScreen;
				INFOPLIST_KEY_UIMainStoryboardFile = Main;
				INFOPLIST_KEY_UISupportedInterfaceOrientations_iPad = "UIInterfaceOrientationPortrait UIInterfaceOrientationPortraitUpsideDown UIInterfaceOrientationLandscapeLeft UIInterfaceOrientationLandscapeRight";
				INFOPLIST_KEY_UISupportedInterfaceOrientations_iPhone = "UIInterfaceOrientationPortrait UIInterfaceOrientationLandscapeLeft UIInterfaceOrientationLandscapeRight";
				LD_RUNPATH_SEARCH_PATHS = (
					"$(inherited)",
					"@executable_path/Frameworks",
				);
				MARKETING_VERSION = 1.0;
				PRODUCT_BUNDLE_IDENTIFIER = com.Srikanth.TestingRebase;
				PRODUCT_NAME = "$(TARGET_NAME)";
				SWIFT_EMIT_LOC_STRINGS = YES;
				SWIFT_VERSION = 5.0;
				TARGETED_DEVICE_FAMILY = "1,2";
			};
			name = Debug;
		};
		111ED33A2D006F5D00F8E22A /* Release */ = {
			isa = XCBuildConfiguration;
			buildSettings = {
				ASSETCATALOG_COMPILER_APPICON_NAME = AppIcon;
				ASSETCATALOG_COMPILER_GLOBAL_ACCENT_COLOR_NAME = AccentColor;
				CODE_SIGN_STYLE = Automatic;
				CURRENT_PROJECT_VERSION = 1;
				DEVELOPMENT_TEAM = U4DD4VV25K;
				GENERATE_INFOPLIST_FILE = YES;
				INFOPLIST_FILE = TestingRebase/Info.plist;
				INFOPLIST_KEY_UIApplicationSupportsIndirectInputEvents = YES;
				INFOPLIST_KEY_UILaunchStoryboardName = LaunchScreen;
				INFOPLIST_KEY_UIMainStoryboardFile = Main;
				INFOPLIST_KEY_UISupportedInterfaceOrientations_iPad = "UIInterfaceOrientationPortrait UIInterfaceOrientationPortraitUpsideDown UIInterfaceOrientationLandscapeLeft UIInterfaceOrientationLandscapeRight";
				INFOPLIST_KEY_UISupportedInterfaceOrientations_iPhone = "UIInterfaceOrientationPortrait UIInterfaceOrientationLandscapeLeft UIInterfaceOrientationLandscapeRight";
				LD_RUNPATH_SEARCH_PATHS = (
					"$(inherited)",
					"@executable_path/Frameworks",
				);
				MARKETING_VERSION = 1.0;
				PRODUCT_BUNDLE_IDENTIFIER = com.Srikanth.TestingRebase;
				PRODUCT_NAME = "$(TARGET_NAME)";
				SWIFT_EMIT_LOC_STRINGS = YES;
				SWIFT_VERSION = 5.0;
				TARGETED_DEVICE_FAMILY = "1,2";
			};
			name = Release;
		};
/* End XCBuildConfiguration section */

/* Begin XCConfigurationList section */
		111ED31F2D006F5A00F8E22A /* Build configuration list for PBXProject "TestingRebase" */ = {
			isa = XCConfigurationList;
			buildConfigurations = (
				111ED3362D006F5D00F8E22A /* Debug */,
				111ED3372D006F5D00F8E22A /* Release */,
			);
			defaultConfigurationIsVisible = 0;
			defaultConfigurationName = Release;
		};
		111ED3382D006F5D00F8E22A /* Build configuration list for PBXNativeTarget "TestingRebase" */ = {
			isa = XCConfigurationList;
			buildConfigurations = (
				111ED3392D006F5D00F8E22A /* Debug */,
				111ED33A2D006F5D00F8E22A /* Release */,
			);
			defaultConfigurationIsVisible = 0;
			defaultConfigurationName = Release;
		};
/* End XCConfigurationList section */
	};
	rootObject = 111ED31C2D006F5A00F8E22A /* Project object */;
}
